<?xml version="1.0" encoding="UTF-8" standalone="yes" ?>
<CodeBlocks_project_file>
	<FileVersion major="1" minor="6" />
	<Project>
		<Option title="Menu" />
		<Option pch_mode="2" />
		<Option compiler="gcc" />
		<Build>
			<Target title="Debug">
				<Option output="bin/Debug/Menu" prefix_auto="1" extension_auto="1" />
				<Option object_output="obj/Debug/" />
				<Option type="1" />
				<Option compiler="gcc" />
				<Compiler>
					<Add option="-g" />
				</Compiler>
				<Linker>
					<Add option="-lwinmm" />
				</Linker>
			</Target>
			<Target title="Release">
				<Option output="bin/Release/Menu" prefix_auto="1" extension_auto="1" />
				<Option object_output="obj/Release/" />
				<Option type="1" />
				<Option compiler="gcc" />
				<Compiler>
					<Add option="-O2" />
				</Compiler>
				<Linker>
					<Add option="-s" />
				</Linker>
			</Target>
		</Build>
		<Compiler>
			<Add option="-Wall" />
		</Compiler>
		<Unit filename="1.color" />
		<Unit filename="1.pixel" />
		<Unit filename="Hahaha.wav" />
		<Unit filename="Img/Image.depend" />
		<Unit filename="Img/Image.layout" />
		<Unit filename="Img/clubs1.color" />
		<Unit filename="Img/clubs1.pixel" />
		<Unit filename="Img/clubs10.color" />
		<Unit filename="Img/clubs10.pixel" />
		<Unit filename="Img/clubs11.color" />
		<Unit filename="Img/clubs11.pixel" />
		<Unit filename="Img/clubs12.color" />
		<Unit filename="Img/clubs12.pixel" />
		<Unit filename="Img/clubs13.color" />
		<Unit filename="Img/clubs13.pixel" />
		<Unit filename="Img/clubs2.color" />
		<Unit filename="Img/clubs2.pixel" />
		<Unit filename="Img/clubs3.color" />
		<Unit filename="Img/clubs3.pixel" />
		<Unit filename="Img/clubs4.color" />
		<Unit filename="Img/clubs4.pixel" />
		<Unit filename="Img/clubs5.color" />
		<Unit filename="Img/clubs5.pixel" />
		<Unit filename="Img/clubs6.color" />
		<Unit filename="Img/clubs6.pixel" />
		<Unit filename="Img/clubs7.color" />
		<Unit filename="Img/clubs7.pixel" />
		<Unit filename="Img/clubs8.color" />
		<Unit filename="Img/clubs8.pixel" />
		<Unit filename="Img/clubs9.color" />
		<Unit filename="Img/clubs9.pixel" />
		<Unit filename="Img/console_draw2.c">
			<Option compilerVar="CC" />
		</Unit>
		<Unit filename="Img/console_draw2.h" />
		<Unit filename="Img/dimon1.color" />
		<Unit filename="Img/dimon1.pixel" />
		<Unit filename="Img/dimon10.color" />
		<Unit filename="Img/dimon10.pixel" />
		<Unit filename="Img/dimon11.color" />
		<Unit filename="Img/dimon11.pixel" />
		<Unit filename="Img/dimon12.color" />
		<Unit filename="Img/dimon12.pixel" />
		<Unit filename="Img/dimon13.color" />
		<Unit filename="Img/dimon13.pixel" />
		<Unit filename="Img/dimon2.color" />
		<Unit filename="Img/dimon2.pixel" />
		<Unit filename="Img/dimon3.color" />
		<Unit filename="Img/dimon3.pixel" />
		<Unit filename="Img/dimon4.color" />
		<Unit filename="Img/dimon4.pixel" />
		<Unit filename="Img/dimon5.color" />
		<Unit filename="Img/dimon5.pixel" />
		<Unit filename="Img/dimon6.color" />
		<Unit filename="Img/dimon6.pixel" />
		<Unit filename="Img/dimon7.color" />
		<Unit filename="Img/dimon7.pixel" />
		<Unit filename="Img/dimon8.color" />
		<Unit filename="Img/dimon8.pixel" />
		<Unit filename="Img/dimon9.color" />
		<Unit filename="Img/dimon9.pixel" />
		<Unit filename="Img/heart1.color" />
		<Unit filename="Img/heart1.pixel" />
		<Unit filename="Img/heart10.color" />
		<Unit filename="Img/heart10.pixel" />
		<Unit filename="Img/heart11.color" />
		<Unit filename="Img/heart11.pixel" />
		<Unit filename="Img/heart12.color" />
		<Unit filename="Img/heart12.pixel" />
		<Unit filename="Img/heart13.color" />
		<Unit filename="Img/heart13.pixel" />
		<Unit filename="Img/heart2.color" />
		<Unit filename="Img/heart2.pixel" />
		<Unit filename="Img/heart3.color" />
		<Unit filename="Img/heart3.pixel" />
		<Unit filename="Img/heart4.color" />
		<Unit filename="Img/heart4.pixel" />
		<Unit filename="Img/heart5.color" />
		<Unit filename="Img/heart5.pixel" />
		<Unit filename="Img/heart6.color" />
		<Unit filename="Img/heart6.pixel" />
		<Unit filename="Img/heart7.color" />
		<Unit filename="Img/heart7.pixel" />
		<Unit filename="Img/heart8.color" />
		<Unit filename="Img/heart8.pixel" />
		<Unit filename="Img/heart9.color" />
		<Unit filename="Img/heart9.pixel" />
		<Unit filename="Img/kb_input2.c">
			<Option compilerVar="CC" />
		</Unit>
		<Unit filename="Img/kb_input2.h" />
		<Unit filename="Img/one.pixel" />
		<Unit filename="Img/peach1.color" />
		<Unit filename="Img/peach1.pixel" />
		<Unit filename="Img/peach10.color" />
		<Unit filename="Img/peach10.pixel" />
		<Unit filename="Img/peach11.color" />
		<Unit filename="Img/peach11.pixel" />
		<Unit filename="Img/peach12.color" />
		<Unit filename="Img/peach12.pixel" />
		<Unit filename="Img/peach13.color" />
		<Unit filename="Img/peach13.pixel" />
		<Unit filename="Img/peach2.color" />
		<Unit filename="Img/peach2.pixel" />
		<Unit filename="Img/peach3.color" />
		<Unit filename="Img/peach3.pixel" />
		<Unit filename="Img/peach4.color" />
		<Unit filename="Img/peach4.pixel" />
		<Unit filename="Img/peach5.color" />
		<Unit filename="Img/peach5.pixel" />
		<Unit filename="Img/peach6.color" />
		<Unit filename="Img/peach6.pixel" />
		<Unit filename="Img/peach7.color" />
		<Unit filename="Img/peach7.pixel" />
		<Unit filename="Img/peach8.color" />
		<Unit filename="Img/peach8.pixel" />
		<Unit filename="Img/peach9.color" />
		<Unit filename="Img/peach9.pixel" />
		<Unit filename="Img/poker.color" />
		<Unit filename="Img/poker.pixel" />
		<Unit filename="Img/poker1.color" />
		<Unit filename="Img/poker1.pixel" />
		<Unit filename="Img/poker2.color" />
		<Unit filename="Img/poker2.pixel" />
		<Unit filename="Img/poker3.color" />
		<Unit filename="Img/poker3.pixel" />
		<Unit filename="Loser1.color" />
		<Unit filename="Loser1.pixel" />
		<Unit filename="Loser1.ppm" />
		<Unit filename="Loser2.color" />
		<Unit filename="Loser2.pixel" />
		<Unit filename="Loser2.ppm" />
		<Unit filename="Loser21.color" />
		<Unit filename="Loser21.pixel" />
		<Unit filename="Loser21.ppm" />
		<Unit filename="Loser22.color" />
		<Unit filename="Loser22.pixel" />
		<Unit filename="Loser22.ppm" />
		<Unit filename="Loser23.color" />
		<Unit filename="Loser23.pixel" />
		<Unit filename="Loser23.ppm" />
		<Unit filename="Loser24.color" />
		<Unit filename="Loser24.pixel" />
		<Unit filename="Loser24.ppm" />
		<Unit filename="Loser25.color" />
		<Unit filename="Loser25.pixel" />
		<Unit filename="Loser25.ppm" />
		<Unit filename="Loser26.color" />
		<Unit filename="Loser26.pixel" />
		<Unit filename="Loser26.ppm" />
		<Unit filename="Loser3.color" />
		<Unit filename="Loser3.pixel" />
		<Unit filename="Loser3.ppm" />
		<Unit filename="Loser4.color" />
		<Unit filename="Loser4.pixel" />
		<Unit filename="Loser4.ppm" />
		<Unit filename="Loser5.color" />
		<Unit filename="Loser5.pixel" />
		<Unit filename="Loser5.ppm" />
		<Unit filename="Loser6.color" />
		<Unit filename="Loser6.pixel" />
		<Unit filename="Loser6.ppm" />
		<Unit filename="Menu.depend" />
		<Unit filename="Menu.layout" />
		<Unit filename="Winner1.color" />
		<Unit filename="Winner1.pixel" />
		<Unit filename="Winner1.ppm" />
		<Unit filename="Winner2.color" />
		<Unit filename="Winner2.pixel" />
		<Unit filename="Winner2.ppm" />
		<Unit filename="Winner21.color" />
		<Unit filename="Winner21.pixel" />
		<Unit filename="Winner21.ppm" />
		<Unit filename="Winner22.color" />
		<Unit filename="Winner22.pixel" />
		<Unit filename="Winner22.ppm" />
		<Unit filename="Winner23.color" />
		<Unit filename="Winner23.pixel" />
		<Unit filename="Winner23.ppm" />
		<Unit filename="Winner3.color" />
		<Unit filename="Winner3.pixel" />
		<Unit filename="Winner3.ppm" />
		<Unit filename="applaus.wav" />
		<Unit filename="audio.c">
			<Option compilerVar="CC" />
		</Unit>
		<Unit filename="audio.h" />
		<Unit filename="ccheer.wav" />
		<Unit filename="falling.wav" />
		<Unit filename="fart.wav" />
		<Unit filename="fart2.wav" />
		<Unit filename="font.txt" />
		<Unit filename="gameover1.color" />
		<Unit filename="gameover1.pixel" />
		<Unit filename="gameover1.ppm" />
		<Unit filename="gameover10.color" />
		<Unit filename="gameover10.pixel" />
		<Unit filename="gameover10.ppm" />
		<Unit filename="gameover11.color" />
		<Unit filename="gameover11.pixel" />
		<Unit filename="gameover11.ppm" />
		<Unit filename="gameover2.color" />
		<Unit filename="gameover2.pixel" />
		<Unit filename="gameover2.ppm" />
		<Unit filename="gameover3.color" />
		<Unit filename="gameover3.pixel" />
		<Unit filename="gameover3.ppm" />
		<Unit filename="gameover4.color" />
		<Unit filename="gameover4.pixel" />
		<Unit filename="gameover4.ppm" />
		<Unit filename="gameover5.color" />
		<Unit filename="gameover5.pixel" />
		<Unit filename="gameover5.ppm" />
		<Unit filename="gameover6.color" />
		<Unit filename="gameover6.pixel" />
		<Unit filename="gameover6.ppm" />
		<Unit filename="gameover7.color" />
		<Unit filename="gameover7.pixel" />
		<Unit filename="gameover7.ppm" />
		<Unit filename="gameover8.color" />
		<Unit filename="gameover8.pixel" />
		<Unit filename="gameover8.ppm" />
		<Unit filename="gameover9.color" />
		<Unit filename="gameover9.pixel" />
		<Unit filename="gameover9.ppm" />
		<Unit filename="heart.wav" />
		<Unit filename="help.color" />
		<Unit filename="help.pixel" />
		<Unit filename="help.txt" />
		<Unit filename="kb_input2.h" />
		<Unit filename="laughcartoon.wav" />
		<Unit filename="manha.wav" />
		<Unit filename="menu.c">
			<Option compilerVar="CC" />
		</Unit>
		<Unit filename="scream.wav" />
		<Unit filename="start1.color" />
		<Unit filename="start1.pixel" />
		<Unit filename="start1.ppm" />
		<Unit filename="start10.color" />
		<Unit filename="start10.pixel" />
		<Unit filename="start10.ppm" />
		<Unit filename="start11.color" />
		<Unit filename="start11.pixel" />
		<Unit filename="start11.ppm" />
		<Unit filename="start12.color" />
		<Unit filename="start12.pixel" />
		<Unit filename="start12.ppm" />
		<Unit filename="start13.color" />
		<Unit filename="start13.pixel" />
		<Unit filename="start13.ppm" />
		<Unit filename="start14.color" />
		<Unit filename="start14.pixel" />
		<Unit filename="start14.ppm" />
		<Unit filename="start15.color" />
		<Unit filename="start15.pixel" />
		<Unit filename="start15.ppm" />
		<Unit filename="start16.color" />
		<Unit filename="start16.pixel" />
		<Unit filename="start16.ppm" />
		<Unit filename="start2.color" />
		<Unit filename="start2.pixel" />
		<Unit filename="start2.ppm" />
		<Unit filename="start3.color" />
		<Unit filename="start3.pixel" />
		<Unit filename="start3.ppm" />
		<Unit filename="start4.color" />
		<Unit filename="start4.pixel" />
		<Unit filename="start4.ppm" />
		<Unit filename="start5.color" />
		<Unit filename="start5.pixel" />
		<Unit filename="start5.ppm" />
		<Unit filename="start6.color" />
		<Unit filename="start6.pixel" />
		<Unit filename="start6.ppm" />
		<Unit filename="start7.color" />
		<Unit filename="start7.pixel" />
		<Unit filename="start7.ppm" />
		<Unit filename="start8.color" />
		<Unit filename="start8.pixel" />
		<Unit filename="start8.ppm" />
		<Unit filename="start9.color" />
		<Unit filename="start9.pixel" />
		<Unit filename="start9.ppm" />
		<Unit filename="tarzan.wav" />
		<Extensions>
			<code_completion />
			<envvars />
			<debugger />
			<lib_finder disable_auto="1" />
		</Extensions>
	</Project>
</CodeBlocks_project_file>
